{
    "hash": "e21f09d98eab36f406f41df55b7e18dd",
    "packages": [
        {
            "package": "doctrine/common",
            "version": "2.2.1"
        },
        {
            "package": "doctrine/dbal",
            "version": "dev-master",
            "source-reference": "636286f1a573b3fa4f6020b08bb4102745d64fc0"
        }
    ],
    "aliases": []
}
